
Microsoft Visual Studio Solution File, Format Version 12.00
# Visual Studio Version 17
VisualStudioVersion = 17.0.31903.59
MinimumVisualStudioVersion = 10.0.40219.1
Project("{9A19103F-16F7-4668-BE54-9A1E7A4F7556}") = "01.1", "01.1\01.1.csproj", "{F2BBAC39-72B4-473F-8230-C021B5D219A9}"
EndProject
Project("{9A19103F-16F7-4668-BE54-9A1E7A4F7556}") = "01.2", "01.2\01.2.csproj", "{5CAFB3C9-0EDC-40A4-8573-649B92A99416}"
EndProject
Project("{9A19103F-16F7-4668-BE54-9A1E7A4F7556}") = "02.1", "02.1\02.1.csproj", "{B103400E-E7D0-4129-A52F-F898F1B64473}"
EndProject
Project("{9A19103F-16F7-4668-BE54-9A1E7A4F7556}") = "02.2", "02.2\02.2.csproj", "{88147EEF-A3B4-477B-8D36-4BF878BF5EE3}"
EndProject
Project("{9A19103F-16F7-4668-BE54-9A1E7A4F7556}") = "03.1", "03.1\03.1.csproj", "{1F71244A-3BB8-40D2-A8E7-76416443BD01}"
EndProject
Project("{9A19103F-16F7-4668-BE54-9A1E7A4F7556}") = "03.2", "03.2\03.2.csproj", "{02E2770F-4874-4004-A7B2-52CC8D2E164E}"
EndProject
Project("{9A19103F-16F7-4668-BE54-9A1E7A4F7556}") = "04.1", "04.1\04.1.csproj", "{DD34FCF8-1BC5-4F4D-92D8-D1BF1D4AF70D}"
EndProject
Project("{9A19103F-16F7-4668-BE54-9A1E7A4F7556}") = "04.2", "04.2\04.2.csproj", "{602B3C10-AF23-4F5D-BFE8-1A581CA72482}"
EndProject
Project("{9A19103F-16F7-4668-BE54-9A1E7A4F7556}") = "05.1", "05.1\05.1.csproj", "{9FF586C9-1BF4-41B7-816A-AF1C27B9F8A1}"
EndProject
Project("{9A19103F-16F7-4668-BE54-9A1E7A4F7556}") = "05.2", "05.2\05.2.csproj", "{536BF050-B462-4DA9-ADF4-C4A9ED3A244D}"
EndProject
Project("{9A19103F-16F7-4668-BE54-9A1E7A4F7556}") = "06.1", "06.1\06.1.csproj", "{05997038-CCAA-4EA3-8524-1C100ABB7E9D}"
EndProject
Project("{9A19103F-16F7-4668-BE54-9A1E7A4F7556}") = "06.2", "06.2\06.2.csproj", "{0E26514E-9FE1-42AD-89E2-EC4CAA0697BF}"
EndProject
Project("{9A19103F-16F7-4668-BE54-9A1E7A4F7556}") = "07.1", "07.1\07.1.csproj", "{E3EAAAD4-9EE0-4746-AE2B-AA3A7C3A826E}"
EndProject
Project("{9A19103F-16F7-4668-BE54-9A1E7A4F7556}") = "07.2", "07.2\07.2.csproj", "{4A9F7D7C-209A-46FA-95FC-2B82DA3822AD}"
EndProject
Project("{9A19103F-16F7-4668-BE54-9A1E7A4F7556}") = "08.1", "08.1\08.1.csproj", "{E0BDD721-D7D4-4195-9C43-EF6F299771D6}"
EndProject
Project("{9A19103F-16F7-4668-BE54-9A1E7A4F7556}") = "08.2", "08.2\08.2.csproj", "{D8AE034D-CD87-455D-96E1-189BD8B738D5}"
EndProject
Project("{9A19103F-16F7-4668-BE54-9A1E7A4F7556}") = "09.1", "09.1\09.1.csproj", "{3E125C06-8F71-477A-90D2-38A12596CBEA}"
EndProject
Project("{9A19103F-16F7-4668-BE54-9A1E7A4F7556}") = "09.2", "09.2\09.2.csproj", "{1064858E-ED81-4674-BC63-251738E433C0}"
EndProject
Project("{9A19103F-16F7-4668-BE54-9A1E7A4F7556}") = "10.1", "10.1\10.1.csproj", "{B0BB5103-CC92-4EC5-A0FA-74428B6B4536}"
EndProject
Project("{9A19103F-16F7-4668-BE54-9A1E7A4F7556}") = "10.2", "10.2\10.2.csproj", "{C7933BD2-3922-4667-AC68-A849CFF0BA56}"
EndProject
Project("{9A19103F-16F7-4668-BE54-9A1E7A4F7556}") = "11.1", "11.1\11.1.csproj", "{D89FD945-E39F-4B31-9C39-C1A3A3824D56}"
EndProject
Project("{9A19103F-16F7-4668-BE54-9A1E7A4F7556}") = "11.2", "11.2\11.2.csproj", "{EFB49FE1-7EA2-43BF-94CC-1E2240F8FEA7}"
EndProject
Project("{9A19103F-16F7-4668-BE54-9A1E7A4F7556}") = "12.1", "12.1\12.1.csproj", "{9CF6F54A-ED71-44ED-8D2C-6BC79F087E8C}"
EndProject
Project("{9A19103F-16F7-4668-BE54-9A1E7A4F7556}") = "12.2", "12.2\12.2.csproj", "{B840D73E-2C8E-4AAD-8D59-CD29A42D1935}"
EndProject
Project("{9A19103F-16F7-4668-BE54-9A1E7A4F7556}") = "13.1", "13.1\13.1.csproj", "{9350632D-707F-4ECB-AA33-A718A7A717CC}"
EndProject
Project("{9A19103F-16F7-4668-BE54-9A1E7A4F7556}") = "13.2", "13.2\13.2.csproj", "{C6E73191-1C8D-496E-844E-249ACA9596B1}"
EndProject
Project("{9A19103F-16F7-4668-BE54-9A1E7A4F7556}") = "14.1", "14.1\14.1.csproj", "{68AF887E-0579-411F-A08F-DBB47F450053}"
EndProject
Project("{9A19103F-16F7-4668-BE54-9A1E7A4F7556}") = "14.2", "14.2\14.2.csproj", "{AB9E5568-00AE-425E-BAAC-D43614B5B341}"
EndProject
Project("{9A19103F-16F7-4668-BE54-9A1E7A4F7556}") = "17.1", "17.1\17.1.csproj", "{F0C58A11-17E5-44AA-BC76-BB1887D4178C}"
EndProject
Project("{9A19103F-16F7-4668-BE54-9A1E7A4F7556}") = "17.2", "17.2\17.2.csproj", "{DB7CCD60-AC8D-4C1B-8B8D-988F4CAD2FDD}"
EndProject
Project("{9A19103F-16F7-4668-BE54-9A1E7A4F7556}") = "18.2", "18.2\18.2.csproj", "{79398247-42BB-4165-B70B-13D3F5E57DDA}"
EndProject
Project("{9A19103F-16F7-4668-BE54-9A1E7A4F7556}") = "19.1", "19.1\19.1.csproj", "{2B6A4DC6-311C-4FE0-A0E6-2CC7E0FA83F4}"
EndProject
Project("{9A19103F-16F7-4668-BE54-9A1E7A4F7556}") = "20.1", "20.1\20.1.csproj", "{E5CEEBBB-113F-4D51-87E6-589B4211535A}"
EndProject
Project("{9A19103F-16F7-4668-BE54-9A1E7A4F7556}") = "20.2", "20.2\20.2.csproj", "{10AF6A55-0C85-42E7-AEE6-56C268AF0F16}"
EndProject
Project("{9A19103F-16F7-4668-BE54-9A1E7A4F7556}") = "21.1", "21.1\21.1.csproj", "{B9257F23-52BE-4862-A6D8-5F0ADD028B39}"
EndProject
Project("{9A19103F-16F7-4668-BE54-9A1E7A4F7556}") = "21.2", "21.2\21.2.csproj", "{D97AE0B9-1B31-458A-BF6A-D262727033C0}"
EndProject
Project("{9A19103F-16F7-4668-BE54-9A1E7A4F7556}") = "22.1", "22.1\22.1.csproj", "{7A9EB858-1A90-4DEB-9A0C-F4530031B13E}"
EndProject
Project("{9A19103F-16F7-4668-BE54-9A1E7A4F7556}") = "22.2", "22.2\22.2.csproj", "{DC99706F-1C05-4F73-AF8F-F872B0502866}"
EndProject
Project("{9A19103F-16F7-4668-BE54-9A1E7A4F7556}") = "23.1", "23.1\23.1.csproj", "{64F3A5C3-EAE9-4758-8A85-DB0FC8749BE5}"
EndProject
Project("{9A19103F-16F7-4668-BE54-9A1E7A4F7556}") = "25.1", "25.1\25.1.csproj", "{ADDC414F-8138-41D9-9F83-E5002B0239C2}"
EndProject
Project("{9A19103F-16F7-4668-BE54-9A1E7A4F7556}") = "24.1", "24.1\24.1.csproj", "{14CCD72B-F1E2-447F-AD3D-9D85856AB69A}"
EndProject
Project("{9A19103F-16F7-4668-BE54-9A1E7A4F7556}") = "24.2", "24.2\24.2.csproj", "{6652C99A-C4EB-4027-8AA1-23CCC650D852}"
EndProject
Project("{9A19103F-16F7-4668-BE54-9A1E7A4F7556}") = "19.2", "19.2\19.2.csproj", "{9CBAAFFC-94C8-481B-92D1-5D3999FC4FD8}"
EndProject
Global
	GlobalSection(SolutionConfigurationPlatforms) = preSolution
		Debug|Any CPU = Debug|Any CPU
		Release|Any CPU = Release|Any CPU
	EndGlobalSection
	GlobalSection(ProjectConfigurationPlatforms) = postSolution
		{F2BBAC39-72B4-473F-8230-C021B5D219A9}.Debug|Any CPU.ActiveCfg = Debug|Any CPU
		{F2BBAC39-72B4-473F-8230-C021B5D219A9}.Debug|Any CPU.Build.0 = Debug|Any CPU
		{F2BBAC39-72B4-473F-8230-C021B5D219A9}.Release|Any CPU.ActiveCfg = Release|Any CPU
		{F2BBAC39-72B4-473F-8230-C021B5D219A9}.Release|Any CPU.Build.0 = Release|Any CPU
		{5CAFB3C9-0EDC-40A4-8573-649B92A99416}.Debug|Any CPU.ActiveCfg = Debug|Any CPU
		{5CAFB3C9-0EDC-40A4-8573-649B92A99416}.Debug|Any CPU.Build.0 = Debug|Any CPU
		{5CAFB3C9-0EDC-40A4-8573-649B92A99416}.Release|Any CPU.ActiveCfg = Release|Any CPU
		{5CAFB3C9-0EDC-40A4-8573-649B92A99416}.Release|Any CPU.Build.0 = Release|Any CPU
		{B103400E-E7D0-4129-A52F-F898F1B64473}.Debug|Any CPU.ActiveCfg = Debug|Any CPU
		{B103400E-E7D0-4129-A52F-F898F1B64473}.Debug|Any CPU.Build.0 = Debug|Any CPU
		{B103400E-E7D0-4129-A52F-F898F1B64473}.Release|Any CPU.ActiveCfg = Release|Any CPU
		{B103400E-E7D0-4129-A52F-F898F1B64473}.Release|Any CPU.Build.0 = Release|Any CPU
		{88147EEF-A3B4-477B-8D36-4BF878BF5EE3}.Debug|Any CPU.ActiveCfg = Debug|Any CPU
		{88147EEF-A3B4-477B-8D36-4BF878BF5EE3}.Debug|Any CPU.Build.0 = Debug|Any CPU
		{88147EEF-A3B4-477B-8D36-4BF878BF5EE3}.Release|Any CPU.ActiveCfg = Release|Any CPU
		{88147EEF-A3B4-477B-8D36-4BF878BF5EE3}.Release|Any CPU.Build.0 = Release|Any CPU
		{1F71244A-3BB8-40D2-A8E7-76416443BD01}.Debug|Any CPU.ActiveCfg = Debug|Any CPU
		{1F71244A-3BB8-40D2-A8E7-76416443BD01}.Debug|Any CPU.Build.0 = Debug|Any CPU
		{1F71244A-3BB8-40D2-A8E7-76416443BD01}.Release|Any CPU.ActiveCfg = Release|Any CPU
		{1F71244A-3BB8-40D2-A8E7-76416443BD01}.Release|Any CPU.Build.0 = Release|Any CPU
		{02E2770F-4874-4004-A7B2-52CC8D2E164E}.Debug|Any CPU.ActiveCfg = Debug|Any CPU
		{02E2770F-4874-4004-A7B2-52CC8D2E164E}.Debug|Any CPU.Build.0 = Debug|Any CPU
		{02E2770F-4874-4004-A7B2-52CC8D2E164E}.Release|Any CPU.ActiveCfg = Release|Any CPU
		{02E2770F-4874-4004-A7B2-52CC8D2E164E}.Release|Any CPU.Build.0 = Release|Any CPU
		{DD34FCF8-1BC5-4F4D-92D8-D1BF1D4AF70D}.Debug|Any CPU.ActiveCfg = Debug|Any CPU
		{DD34FCF8-1BC5-4F4D-92D8-D1BF1D4AF70D}.Debug|Any CPU.Build.0 = Debug|Any CPU
		{DD34FCF8-1BC5-4F4D-92D8-D1BF1D4AF70D}.Release|Any CPU.ActiveCfg = Release|Any CPU
		{DD34FCF8-1BC5-4F4D-92D8-D1BF1D4AF70D}.Release|Any CPU.Build.0 = Release|Any CPU
		{602B3C10-AF23-4F5D-BFE8-1A581CA72482}.Debug|Any CPU.ActiveCfg = Debug|Any CPU
		{602B3C10-AF23-4F5D-BFE8-1A581CA72482}.Debug|Any CPU.Build.0 = Debug|Any CPU
		{602B3C10-AF23-4F5D-BFE8-1A581CA72482}.Release|Any CPU.ActiveCfg = Release|Any CPU
		{602B3C10-AF23-4F5D-BFE8-1A581CA72482}.Release|Any CPU.Build.0 = Release|Any CPU
		{9FF586C9-1BF4-41B7-816A-AF1C27B9F8A1}.Debug|Any CPU.ActiveCfg = Debug|Any CPU
		{9FF586C9-1BF4-41B7-816A-AF1C27B9F8A1}.Debug|Any CPU.Build.0 = Debug|Any CPU
		{9FF586C9-1BF4-41B7-816A-AF1C27B9F8A1}.Release|Any CPU.ActiveCfg = Release|Any CPU
		{9FF586C9-1BF4-41B7-816A-AF1C27B9F8A1}.Release|Any CPU.Build.0 = Release|Any CPU
		{536BF050-B462-4DA9-ADF4-C4A9ED3A244D}.Debug|Any CPU.ActiveCfg = Debug|Any CPU
		{536BF050-B462-4DA9-ADF4-C4A9ED3A244D}.Debug|Any CPU.Build.0 = Debug|Any CPU
		{536BF050-B462-4DA9-ADF4-C4A9ED3A244D}.Release|Any CPU.ActiveCfg = Release|Any CPU
		{536BF050-B462-4DA9-ADF4-C4A9ED3A244D}.Release|Any CPU.Build.0 = Release|Any CPU
		{05997038-CCAA-4EA3-8524-1C100ABB7E9D}.Debug|Any CPU.ActiveCfg = Debug|Any CPU
		{05997038-CCAA-4EA3-8524-1C100ABB7E9D}.Debug|Any CPU.Build.0 = Debug|Any CPU
		{05997038-CCAA-4EA3-8524-1C100ABB7E9D}.Release|Any CPU.ActiveCfg = Release|Any CPU
		{05997038-CCAA-4EA3-8524-1C100ABB7E9D}.Release|Any CPU.Build.0 = Release|Any CPU
		{0E26514E-9FE1-42AD-89E2-EC4CAA0697BF}.Debug|Any CPU.ActiveCfg = Debug|Any CPU
		{0E26514E-9FE1-42AD-89E2-EC4CAA0697BF}.Debug|Any CPU.Build.0 = Debug|Any CPU
		{0E26514E-9FE1-42AD-89E2-EC4CAA0697BF}.Release|Any CPU.ActiveCfg = Release|Any CPU
		{0E26514E-9FE1-42AD-89E2-EC4CAA0697BF}.Release|Any CPU.Build.0 = Release|Any CPU
		{E3EAAAD4-9EE0-4746-AE2B-AA3A7C3A826E}.Debug|Any CPU.ActiveCfg = Debug|Any CPU
		{E3EAAAD4-9EE0-4746-AE2B-AA3A7C3A826E}.Debug|Any CPU.Build.0 = Debug|Any CPU
		{E3EAAAD4-9EE0-4746-AE2B-AA3A7C3A826E}.Release|Any CPU.ActiveCfg = Release|Any CPU
		{E3EAAAD4-9EE0-4746-AE2B-AA3A7C3A826E}.Release|Any CPU.Build.0 = Release|Any CPU
		{4A9F7D7C-209A-46FA-95FC-2B82DA3822AD}.Debug|Any CPU.ActiveCfg = Debug|Any CPU
		{4A9F7D7C-209A-46FA-95FC-2B82DA3822AD}.Debug|Any CPU.Build.0 = Debug|Any CPU
		{4A9F7D7C-209A-46FA-95FC-2B82DA3822AD}.Release|Any CPU.ActiveCfg = Release|Any CPU
		{4A9F7D7C-209A-46FA-95FC-2B82DA3822AD}.Release|Any CPU.Build.0 = Release|Any CPU
		{E0BDD721-D7D4-4195-9C43-EF6F299771D6}.Debug|Any CPU.ActiveCfg = Debug|Any CPU
		{E0BDD721-D7D4-4195-9C43-EF6F299771D6}.Debug|Any CPU.Build.0 = Debug|Any CPU
		{E0BDD721-D7D4-4195-9C43-EF6F299771D6}.Release|Any CPU.ActiveCfg = Release|Any CPU
		{E0BDD721-D7D4-4195-9C43-EF6F299771D6}.Release|Any CPU.Build.0 = Release|Any CPU
		{D8AE034D-CD87-455D-96E1-189BD8B738D5}.Debug|Any CPU.ActiveCfg = Debug|Any CPU
		{D8AE034D-CD87-455D-96E1-189BD8B738D5}.Debug|Any CPU.Build.0 = Debug|Any CPU
		{D8AE034D-CD87-455D-96E1-189BD8B738D5}.Release|Any CPU.ActiveCfg = Release|Any CPU
		{D8AE034D-CD87-455D-96E1-189BD8B738D5}.Release|Any CPU.Build.0 = Release|Any CPU
		{3E125C06-8F71-477A-90D2-38A12596CBEA}.Debug|Any CPU.ActiveCfg = Debug|Any CPU
		{3E125C06-8F71-477A-90D2-38A12596CBEA}.Debug|Any CPU.Build.0 = Debug|Any CPU
		{3E125C06-8F71-477A-90D2-38A12596CBEA}.Release|Any CPU.ActiveCfg = Release|Any CPU
		{3E125C06-8F71-477A-90D2-38A12596CBEA}.Release|Any CPU.Build.0 = Release|Any CPU
		{1064858E-ED81-4674-BC63-251738E433C0}.Debug|Any CPU.ActiveCfg = Debug|Any CPU
		{1064858E-ED81-4674-BC63-251738E433C0}.Debug|Any CPU.Build.0 = Debug|Any CPU
		{1064858E-ED81-4674-BC63-251738E433C0}.Release|Any CPU.ActiveCfg = Release|Any CPU
		{1064858E-ED81-4674-BC63-251738E433C0}.Release|Any CPU.Build.0 = Release|Any CPU
		{B0BB5103-CC92-4EC5-A0FA-74428B6B4536}.Debug|Any CPU.ActiveCfg = Debug|Any CPU
		{B0BB5103-CC92-4EC5-A0FA-74428B6B4536}.Debug|Any CPU.Build.0 = Debug|Any CPU
		{B0BB5103-CC92-4EC5-A0FA-74428B6B4536}.Release|Any CPU.ActiveCfg = Release|Any CPU
		{B0BB5103-CC92-4EC5-A0FA-74428B6B4536}.Release|Any CPU.Build.0 = Release|Any CPU
		{C7933BD2-3922-4667-AC68-A849CFF0BA56}.Debug|Any CPU.ActiveCfg = Debug|Any CPU
		{C7933BD2-3922-4667-AC68-A849CFF0BA56}.Debug|Any CPU.Build.0 = Debug|Any CPU
		{C7933BD2-3922-4667-AC68-A849CFF0BA56}.Release|Any CPU.ActiveCfg = Release|Any CPU
		{C7933BD2-3922-4667-AC68-A849CFF0BA56}.Release|Any CPU.Build.0 = Release|Any CPU
		{D89FD945-E39F-4B31-9C39-C1A3A3824D56}.Debug|Any CPU.ActiveCfg = Debug|Any CPU
		{D89FD945-E39F-4B31-9C39-C1A3A3824D56}.Debug|Any CPU.Build.0 = Debug|Any CPU
		{D89FD945-E39F-4B31-9C39-C1A3A3824D56}.Release|Any CPU.ActiveCfg = Release|Any CPU
		{D89FD945-E39F-4B31-9C39-C1A3A3824D56}.Release|Any CPU.Build.0 = Release|Any CPU
		{EFB49FE1-7EA2-43BF-94CC-1E2240F8FEA7}.Debug|Any CPU.ActiveCfg = Debug|Any CPU
		{EFB49FE1-7EA2-43BF-94CC-1E2240F8FEA7}.Debug|Any CPU.Build.0 = Debug|Any CPU
		{EFB49FE1-7EA2-43BF-94CC-1E2240F8FEA7}.Release|Any CPU.ActiveCfg = Release|Any CPU
		{EFB49FE1-7EA2-43BF-94CC-1E2240F8FEA7}.Release|Any CPU.Build.0 = Release|Any CPU
		{9CF6F54A-ED71-44ED-8D2C-6BC79F087E8C}.Debug|Any CPU.ActiveCfg = Debug|Any CPU
		{9CF6F54A-ED71-44ED-8D2C-6BC79F087E8C}.Debug|Any CPU.Build.0 = Debug|Any CPU
		{9CF6F54A-ED71-44ED-8D2C-6BC79F087E8C}.Release|Any CPU.ActiveCfg = Release|Any CPU
		{9CF6F54A-ED71-44ED-8D2C-6BC79F087E8C}.Release|Any CPU.Build.0 = Release|Any CPU
		{B840D73E-2C8E-4AAD-8D59-CD29A42D1935}.Debug|Any CPU.ActiveCfg = Debug|Any CPU
		{B840D73E-2C8E-4AAD-8D59-CD29A42D1935}.Debug|Any CPU.Build.0 = Debug|Any CPU
		{B840D73E-2C8E-4AAD-8D59-CD29A42D1935}.Release|Any CPU.ActiveCfg = Release|Any CPU
		{B840D73E-2C8E-4AAD-8D59-CD29A42D1935}.Release|Any CPU.Build.0 = Release|Any CPU
		{9350632D-707F-4ECB-AA33-A718A7A717CC}.Debug|Any CPU.ActiveCfg = Debug|Any CPU
		{9350632D-707F-4ECB-AA33-A718A7A717CC}.Debug|Any CPU.Build.0 = Debug|Any CPU
		{9350632D-707F-4ECB-AA33-A718A7A717CC}.Release|Any CPU.ActiveCfg = Release|Any CPU
		{9350632D-707F-4ECB-AA33-A718A7A717CC}.Release|Any CPU.Build.0 = Release|Any CPU
		{C6E73191-1C8D-496E-844E-249ACA9596B1}.Debug|Any CPU.ActiveCfg = Debug|Any CPU
		{C6E73191-1C8D-496E-844E-249ACA9596B1}.Debug|Any CPU.Build.0 = Debug|Any CPU
		{C6E73191-1C8D-496E-844E-249ACA9596B1}.Release|Any CPU.ActiveCfg = Release|Any CPU
		{C6E73191-1C8D-496E-844E-249ACA9596B1}.Release|Any CPU.Build.0 = Release|Any CPU
		{68AF887E-0579-411F-A08F-DBB47F450053}.Debug|Any CPU.ActiveCfg = Debug|Any CPU
		{68AF887E-0579-411F-A08F-DBB47F450053}.Debug|Any CPU.Build.0 = Debug|Any CPU
		{68AF887E-0579-411F-A08F-DBB47F450053}.Release|Any CPU.ActiveCfg = Release|Any CPU
		{68AF887E-0579-411F-A08F-DBB47F450053}.Release|Any CPU.Build.0 = Release|Any CPU
		{AB9E5568-00AE-425E-BAAC-D43614B5B341}.Debug|Any CPU.ActiveCfg = Debug|Any CPU
		{AB9E5568-00AE-425E-BAAC-D43614B5B341}.Debug|Any CPU.Build.0 = Debug|Any CPU
		{AB9E5568-00AE-425E-BAAC-D43614B5B341}.Release|Any CPU.ActiveCfg = Release|Any CPU
		{AB9E5568-00AE-425E-BAAC-D43614B5B341}.Release|Any CPU.Build.0 = Release|Any CPU
		{F0C58A11-17E5-44AA-BC76-BB1887D4178C}.Debug|Any CPU.ActiveCfg = Debug|Any CPU
		{F0C58A11-17E5-44AA-BC76-BB1887D4178C}.Debug|Any CPU.Build.0 = Debug|Any CPU
		{F0C58A11-17E5-44AA-BC76-BB1887D4178C}.Release|Any CPU.ActiveCfg = Release|Any CPU
		{F0C58A11-17E5-44AA-BC76-BB1887D4178C}.Release|Any CPU.Build.0 = Release|Any CPU
		{DB7CCD60-AC8D-4C1B-8B8D-988F4CAD2FDD}.Debug|Any CPU.ActiveCfg = Debug|Any CPU
		{DB7CCD60-AC8D-4C1B-8B8D-988F4CAD2FDD}.Debug|Any CPU.Build.0 = Debug|Any CPU
		{DB7CCD60-AC8D-4C1B-8B8D-988F4CAD2FDD}.Release|Any CPU.ActiveCfg = Release|Any CPU
		{DB7CCD60-AC8D-4C1B-8B8D-988F4CAD2FDD}.Release|Any CPU.Build.0 = Release|Any CPU
		{79398247-42BB-4165-B70B-13D3F5E57DDA}.Debug|Any CPU.ActiveCfg = Debug|Any CPU
		{79398247-42BB-4165-B70B-13D3F5E57DDA}.Debug|Any CPU.Build.0 = Debug|Any CPU
		{79398247-42BB-4165-B70B-13D3F5E57DDA}.Release|Any CPU.ActiveCfg = Release|Any CPU
		{79398247-42BB-4165-B70B-13D3F5E57DDA}.Release|Any CPU.Build.0 = Release|Any CPU
		{2B6A4DC6-311C-4FE0-A0E6-2CC7E0FA83F4}.Debug|Any CPU.ActiveCfg = Debug|Any CPU
		{2B6A4DC6-311C-4FE0-A0E6-2CC7E0FA83F4}.Debug|Any CPU.Build.0 = Debug|Any CPU
		{2B6A4DC6-311C-4FE0-A0E6-2CC7E0FA83F4}.Release|Any CPU.ActiveCfg = Release|Any CPU
		{2B6A4DC6-311C-4FE0-A0E6-2CC7E0FA83F4}.Release|Any CPU.Build.0 = Release|Any CPU
		{E5CEEBBB-113F-4D51-87E6-589B4211535A}.Debug|Any CPU.ActiveCfg = Debug|Any CPU
		{E5CEEBBB-113F-4D51-87E6-589B4211535A}.Debug|Any CPU.Build.0 = Debug|Any CPU
		{E5CEEBBB-113F-4D51-87E6-589B4211535A}.Release|Any CPU.ActiveCfg = Release|Any CPU
		{E5CEEBBB-113F-4D51-87E6-589B4211535A}.Release|Any CPU.Build.0 = Release|Any CPU
		{10AF6A55-0C85-42E7-AEE6-56C268AF0F16}.Debug|Any CPU.ActiveCfg = Debug|Any CPU
		{10AF6A55-0C85-42E7-AEE6-56C268AF0F16}.Debug|Any CPU.Build.0 = Debug|Any CPU
		{10AF6A55-0C85-42E7-AEE6-56C268AF0F16}.Release|Any CPU.ActiveCfg = Release|Any CPU
		{10AF6A55-0C85-42E7-AEE6-56C268AF0F16}.Release|Any CPU.Build.0 = Release|Any CPU
		{B9257F23-52BE-4862-A6D8-5F0ADD028B39}.Debug|Any CPU.ActiveCfg = Debug|Any CPU
		{B9257F23-52BE-4862-A6D8-5F0ADD028B39}.Debug|Any CPU.Build.0 = Debug|Any CPU
		{B9257F23-52BE-4862-A6D8-5F0ADD028B39}.Release|Any CPU.ActiveCfg = Release|Any CPU
		{B9257F23-52BE-4862-A6D8-5F0ADD028B39}.Release|Any CPU.Build.0 = Release|Any CPU
		{D97AE0B9-1B31-458A-BF6A-D262727033C0}.Debug|Any CPU.ActiveCfg = Debug|Any CPU
		{D97AE0B9-1B31-458A-BF6A-D262727033C0}.Debug|Any CPU.Build.0 = Debug|Any CPU
		{D97AE0B9-1B31-458A-BF6A-D262727033C0}.Release|Any CPU.ActiveCfg = Release|Any CPU
		{D97AE0B9-1B31-458A-BF6A-D262727033C0}.Release|Any CPU.Build.0 = Release|Any CPU
		{7A9EB858-1A90-4DEB-9A0C-F4530031B13E}.Debug|Any CPU.ActiveCfg = Debug|Any CPU
		{7A9EB858-1A90-4DEB-9A0C-F4530031B13E}.Debug|Any CPU.Build.0 = Debug|Any CPU
		{7A9EB858-1A90-4DEB-9A0C-F4530031B13E}.Release|Any CPU.ActiveCfg = Release|Any CPU
		{7A9EB858-1A90-4DEB-9A0C-F4530031B13E}.Release|Any CPU.Build.0 = Release|Any CPU
		{DC99706F-1C05-4F73-AF8F-F872B0502866}.Debug|Any CPU.ActiveCfg = Debug|Any CPU
		{DC99706F-1C05-4F73-AF8F-F872B0502866}.Debug|Any CPU.Build.0 = Debug|Any CPU
		{DC99706F-1C05-4F73-AF8F-F872B0502866}.Release|Any CPU.ActiveCfg = Release|Any CPU
		{DC99706F-1C05-4F73-AF8F-F872B0502866}.Release|Any CPU.Build.0 = Release|Any CPU
		{64F3A5C3-EAE9-4758-8A85-DB0FC8749BE5}.Debug|Any CPU.ActiveCfg = Debug|Any CPU
		{64F3A5C3-EAE9-4758-8A85-DB0FC8749BE5}.Debug|Any CPU.Build.0 = Debug|Any CPU
		{64F3A5C3-EAE9-4758-8A85-DB0FC8749BE5}.Release|Any CPU.ActiveCfg = Release|Any CPU
		{64F3A5C3-EAE9-4758-8A85-DB0FC8749BE5}.Release|Any CPU.Build.0 = Release|Any CPU
		{ADDC414F-8138-41D9-9F83-E5002B0239C2}.Debug|Any CPU.ActiveCfg = Debug|Any CPU
		{ADDC414F-8138-41D9-9F83-E5002B0239C2}.Debug|Any CPU.Build.0 = Debug|Any CPU
		{ADDC414F-8138-41D9-9F83-E5002B0239C2}.Release|Any CPU.ActiveCfg = Release|Any CPU
		{ADDC414F-8138-41D9-9F83-E5002B0239C2}.Release|Any CPU.Build.0 = Release|Any CPU
		{14CCD72B-F1E2-447F-AD3D-9D85856AB69A}.Debug|Any CPU.ActiveCfg = Debug|Any CPU
		{14CCD72B-F1E2-447F-AD3D-9D85856AB69A}.Debug|Any CPU.Build.0 = Debug|Any CPU
		{14CCD72B-F1E2-447F-AD3D-9D85856AB69A}.Release|Any CPU.ActiveCfg = Release|Any CPU
		{14CCD72B-F1E2-447F-AD3D-9D85856AB69A}.Release|Any CPU.Build.0 = Release|Any CPU
		{6652C99A-C4EB-4027-8AA1-23CCC650D852}.Debug|Any CPU.ActiveCfg = Debug|Any CPU
		{6652C99A-C4EB-4027-8AA1-23CCC650D852}.Debug|Any CPU.Build.0 = Debug|Any CPU
		{6652C99A-C4EB-4027-8AA1-23CCC650D852}.Release|Any CPU.ActiveCfg = Release|Any CPU
		{6652C99A-C4EB-4027-8AA1-23CCC650D852}.Release|Any CPU.Build.0 = Release|Any CPU
		{9CBAAFFC-94C8-481B-92D1-5D3999FC4FD8}.Debug|Any CPU.ActiveCfg = Debug|Any CPU
		{9CBAAFFC-94C8-481B-92D1-5D3999FC4FD8}.Debug|Any CPU.Build.0 = Debug|Any CPU
		{9CBAAFFC-94C8-481B-92D1-5D3999FC4FD8}.Release|Any CPU.ActiveCfg = Release|Any CPU
		{9CBAAFFC-94C8-481B-92D1-5D3999FC4FD8}.Release|Any CPU.Build.0 = Release|Any CPU
	EndGlobalSection
	GlobalSection(SolutionProperties) = preSolution
		HideSolutionNode = FALSE
	EndGlobalSection
	GlobalSection(ExtensibilityGlobals) = postSolution
		SolutionGuid = {6721111B-5F89-46D6-B80C-76AD7842E90B}
	EndGlobalSection
EndGlobal
